
Microsoft Visual Studio Solution File, Format Version 12.00
# Visual Studio Version 16
VisualStudioVersion = 16.0.30611.23
MinimumVisualStudioVersion = 10.0.40219.1
Project("{8BC9CEB8-8B4A-11D0-8D11-00A0C91BC942}") = "test_101", "test_101\test_101.vcxproj", "{7D22E27B-A85C-4B0E-A5CB-2578CDABF023}"
EndProject
Global
	GlobalSection(SolutionConfigurationPlatforms) = preSolution
		Debug|x64 = Debug|x64
		Debug|x86 = Debug|x86
		Release|x64 = Release|x64
		Release|x86 = Release|x86
	EndGlobalSection
	GlobalSection(ProjectConfigurationPlatforms) = postSolution
		{7D22E27B-A85C-4B0E-A5CB-2578CDABF023}.Debug|x64.ActiveCfg = Debug|x64
		{7D22E27B-A85C-4B0E-A5CB-2578CDABF023}.Debug|x64.Build.0 = Debug|x64
		{7D22E27B-A85C-4B0E-A5CB-2578CDABF023}.Debug|x86.ActiveCfg = Debug|Win32
		{7D22E27B-A85C-4B0E-A5CB-2578CDABF023}.Debug|x86.Build.0 = Debug|Win32
		{7D22E27B-A85C-4B0E-A5CB-2578CDABF023}.Release|x64.ActiveCfg = Release|x64
		{7D22E27B-A85C-4B0E-A5CB-2578CDABF023}.Release|x64.Build.0 = Release|x64
		{7D22E27B-A85C-4B0E-A5CB-2578CDABF023}.Release|x86.ActiveCfg = Release|Win32
		{7D22E27B-A85C-4B0E-A5CB-2578CDABF023}.Release|x86.Build.0 = Release|Win32
	EndGlobalSection
	GlobalSection(SolutionProperties) = preSolution
		HideSolutionNode = FALSE
	EndGlobalSection
	GlobalSection(ExtensibilityGlobals) = postSolution
		SolutionGuid = {0270B40B-F731-4FD6-B246-B412BBE2EBBF}
	EndGlobalSection
EndGlobal
